
Microsoft Visual Studio Solution File, Format Version 12.00
# Visual Studio Version 16
VisualStudioVersion = 16.0.32002.261
MinimumVisualStudioVersion = 10.0.40219.1
Project("{FAE04EC0-301F-11D3-BF4B-00C04F79EFBC}") = "MyInterfaces", "MyInterfaces\MyInterfaces.csproj", "{FC0684FC-7466-43C0-84CB-A7CFB8235E97}"
EndProject
Project("{FAE04EC0-301F-11D3-BF4B-00C04F79EFBC}") = "InterfaceNameClash", "InterfaceNameClash\InterfaceNameClash.csproj", "{8A4904E1-AC50-4B11-9B6C-7E8772F5B8CF}"
EndProject
Global
	GlobalSection(SolutionConfigurationPlatforms) = preSolution
		Debug|Any CPU = Debug|Any CPU
		Release|Any CPU = Release|Any CPU
	EndGlobalSection
	GlobalSection(ProjectConfigurationPlatforms) = postSolution
		{FC0684FC-7466-43C0-84CB-A7CFB8235E97}.Debug|Any CPU.ActiveCfg = Debug|Any CPU
		{FC0684FC-7466-43C0-84CB-A7CFB8235E97}.Debug|Any CPU.Build.0 = Debug|Any CPU
		{FC0684FC-7466-43C0-84CB-A7CFB8235E97}.Release|Any CPU.ActiveCfg = Release|Any CPU
		{FC0684FC-7466-43C0-84CB-A7CFB8235E97}.Release|Any CPU.Build.0 = Release|Any CPU
		{8A4904E1-AC50-4B11-9B6C-7E8772F5B8CF}.Debug|Any CPU.ActiveCfg = Debug|Any CPU
		{8A4904E1-AC50-4B11-9B6C-7E8772F5B8CF}.Debug|Any CPU.Build.0 = Debug|Any CPU
		{8A4904E1-AC50-4B11-9B6C-7E8772F5B8CF}.Release|Any CPU.ActiveCfg = Release|Any CPU
		{8A4904E1-AC50-4B11-9B6C-7E8772F5B8CF}.Release|Any CPU.Build.0 = Release|Any CPU
	EndGlobalSection
	GlobalSection(SolutionProperties) = preSolution
		HideSolutionNode = FALSE
	EndGlobalSection
	GlobalSection(ExtensibilityGlobals) = postSolution
		SolutionGuid = {BF8B9185-F7A3-4A6B-A9BA-E731681C5097}
	EndGlobalSection
EndGlobal
