
Microsoft Visual Studio Solution File, Format Version 12.00
# Visual Studio Version 16
VisualStudioVersion = 16.0.32002.261
MinimumVisualStudioVersion = 10.0.40219.1
Project("{9A19103F-16F7-4668-BE54-9A1E7A4F7556}") = "MyInterfaces", "MyInterfaces\MyInterfaces.csproj", "{FC0684FC-7466-43C0-84CB-A7CFB8235E97}"
EndProject
Project("{9A19103F-16F7-4668-BE54-9A1E7A4F7556}") = "InterfaceNameClash", "InterfaceNameClash\InterfaceNameClash.csproj", "{8A4904E1-AC50-4B11-9B6C-7E8772F5B8CF}"
EndProject
Project("{9A19103F-16F7-4668-BE54-9A1E7A4F7556}") = "InterfaceHierarchy", "InterfaceHierarchy\InterfaceHierarchy.csproj", "{57264F55-C325-443A-81DA-17B06D579094}"
EndProject
Project("{FAE04EC0-301F-11D3-BF4B-00C04F79EFBC}") = "MIInterfaceHierarchy", "MIInterfaceHierarchy\MIInterfaceHierarchy.csproj", "{34B67E18-3448-4599-9F02-66D16900FFF5}"
EndProject
Project("{FAE04EC0-301F-11D3-BF4B-00C04F79EFBC}") = "CustomEnumerator", "CustomEnumerator\CustomEnumerator.csproj", "{EAF95A67-0E80-4B66-A371-C57172B72544}"
EndProject
Project("{FAE04EC0-301F-11D3-BF4B-00C04F79EFBC}") = "CustomEnumeratorWithYield", "CustomEnumeratorWithYield\CustomEnumeratorWithYield.csproj", "{E58E994D-A468-401D-8859-0B5746B2711D}"
EndProject
Project("{FAE04EC0-301F-11D3-BF4B-00C04F79EFBC}") = "CloneablePoint", "CloneablePoint\CloneablePoint.csproj", "{F4FE10E8-7FFA-4F74-A948-CC6E4728DF99}"
EndProject
Project("{FAE04EC0-301F-11D3-BF4B-00C04F79EFBC}") = "ComparableCar", "ComparableCar\ComparableCar.csproj", "{2252F834-CE3C-40BF-84E6-6C1B86BD5BE8}"
EndProject
Global
	GlobalSection(SolutionConfigurationPlatforms) = preSolution
		Debug|Any CPU = Debug|Any CPU
		Release|Any CPU = Release|Any CPU
	EndGlobalSection
	GlobalSection(ProjectConfigurationPlatforms) = postSolution
		{FC0684FC-7466-43C0-84CB-A7CFB8235E97}.Debug|Any CPU.ActiveCfg = Debug|Any CPU
		{FC0684FC-7466-43C0-84CB-A7CFB8235E97}.Debug|Any CPU.Build.0 = Debug|Any CPU
		{FC0684FC-7466-43C0-84CB-A7CFB8235E97}.Release|Any CPU.ActiveCfg = Release|Any CPU
		{FC0684FC-7466-43C0-84CB-A7CFB8235E97}.Release|Any CPU.Build.0 = Release|Any CPU
		{8A4904E1-AC50-4B11-9B6C-7E8772F5B8CF}.Debug|Any CPU.ActiveCfg = Debug|Any CPU
		{8A4904E1-AC50-4B11-9B6C-7E8772F5B8CF}.Debug|Any CPU.Build.0 = Debug|Any CPU
		{8A4904E1-AC50-4B11-9B6C-7E8772F5B8CF}.Release|Any CPU.ActiveCfg = Release|Any CPU
		{8A4904E1-AC50-4B11-9B6C-7E8772F5B8CF}.Release|Any CPU.Build.0 = Release|Any CPU
		{57264F55-C325-443A-81DA-17B06D579094}.Debug|Any CPU.ActiveCfg = Debug|Any CPU
		{57264F55-C325-443A-81DA-17B06D579094}.Debug|Any CPU.Build.0 = Debug|Any CPU
		{57264F55-C325-443A-81DA-17B06D579094}.Release|Any CPU.ActiveCfg = Release|Any CPU
		{57264F55-C325-443A-81DA-17B06D579094}.Release|Any CPU.Build.0 = Release|Any CPU
		{34B67E18-3448-4599-9F02-66D16900FFF5}.Debug|Any CPU.ActiveCfg = Debug|Any CPU
		{34B67E18-3448-4599-9F02-66D16900FFF5}.Debug|Any CPU.Build.0 = Debug|Any CPU
		{34B67E18-3448-4599-9F02-66D16900FFF5}.Release|Any CPU.ActiveCfg = Release|Any CPU
		{34B67E18-3448-4599-9F02-66D16900FFF5}.Release|Any CPU.Build.0 = Release|Any CPU
		{EAF95A67-0E80-4B66-A371-C57172B72544}.Debug|Any CPU.ActiveCfg = Debug|Any CPU
		{EAF95A67-0E80-4B66-A371-C57172B72544}.Debug|Any CPU.Build.0 = Debug|Any CPU
		{EAF95A67-0E80-4B66-A371-C57172B72544}.Release|Any CPU.ActiveCfg = Release|Any CPU
		{EAF95A67-0E80-4B66-A371-C57172B72544}.Release|Any CPU.Build.0 = Release|Any CPU
		{E58E994D-A468-401D-8859-0B5746B2711D}.Debug|Any CPU.ActiveCfg = Debug|Any CPU
		{E58E994D-A468-401D-8859-0B5746B2711D}.Debug|Any CPU.Build.0 = Debug|Any CPU
		{E58E994D-A468-401D-8859-0B5746B2711D}.Release|Any CPU.ActiveCfg = Release|Any CPU
		{E58E994D-A468-401D-8859-0B5746B2711D}.Release|Any CPU.Build.0 = Release|Any CPU
		{F4FE10E8-7FFA-4F74-A948-CC6E4728DF99}.Debug|Any CPU.ActiveCfg = Debug|Any CPU
		{F4FE10E8-7FFA-4F74-A948-CC6E4728DF99}.Debug|Any CPU.Build.0 = Debug|Any CPU
		{F4FE10E8-7FFA-4F74-A948-CC6E4728DF99}.Release|Any CPU.ActiveCfg = Release|Any CPU
		{F4FE10E8-7FFA-4F74-A948-CC6E4728DF99}.Release|Any CPU.Build.0 = Release|Any CPU
		{2252F834-CE3C-40BF-84E6-6C1B86BD5BE8}.Debug|Any CPU.ActiveCfg = Debug|Any CPU
		{2252F834-CE3C-40BF-84E6-6C1B86BD5BE8}.Debug|Any CPU.Build.0 = Debug|Any CPU
		{2252F834-CE3C-40BF-84E6-6C1B86BD5BE8}.Release|Any CPU.ActiveCfg = Release|Any CPU
		{2252F834-CE3C-40BF-84E6-6C1B86BD5BE8}.Release|Any CPU.Build.0 = Release|Any CPU
	EndGlobalSection
	GlobalSection(SolutionProperties) = preSolution
		HideSolutionNode = FALSE
	EndGlobalSection
	GlobalSection(ExtensibilityGlobals) = postSolution
		SolutionGuid = {BF8B9185-F7A3-4A6B-A9BA-E731681C5097}
	EndGlobalSection
EndGlobal
